PODS:
  - Masonry (1.1.0)
  - MercurySDK (3.1.7.0)
  - SDWebImage (5.12.6):
    - SDWebImage/Core (= 5.12.6)
  - SDWebImage/Core (5.12.6)

DEPENDENCIES:
  - Masonry
  - MercurySDK (from `../`)
  - SDWebImage

SPEC REPOS:
  trunk:
    - Masonry
    - SDWebImage

EXTERNAL SOURCES:
  MercurySDK:
    :path: "../"

SPEC CHECKSUMS:
  Masonry: 678fab65091a9290e40e2832a55e7ab731aad201
  MercurySDK: 082da288e471eae21b92c1702f73467b44a84def
  SDWebImage: a47aea9e3d8816015db4e523daff50cfd294499d

PODFILE CHECKSUM: 8fff5cdab9e6b05a06e72f249eee18d3b934e1de

COCOAPODS: 1.11.2
