PODS:
  - Masonry (1.1.0)
  - MercurySDK (3.1.8.6)
  - SDWebImage (5.13.2):
    - SDWebImage/Core (= 5.13.2)
  - SDWebImage/Core (5.13.2)

DEPENDENCIES:
  - Masonry
  - MercurySDK (from `../`)
  - SDWebImage

SPEC REPOS:
  https://github.com/CocoaPods/Specs.git:
    - Masonry
    - SDWebImage

EXTERNAL SOURCES:
  MercurySDK:
    :path: "../"

SPEC CHECKSUMS:
  Masonry: 678fab65091a9290e40e2832a55e7ab731aad201
  MercurySDK: 7e36f4ea7d1e1a9e7fc3f0255345747f7a578476
  SDWebImage: 72f86271a6f3139cc7e4a89220946489d4b9a866

PODFILE CHECKSUM: 954511947fa853d49e11335555d913e76d46de5a

COCOAPODS: 1.11.2
