PODS:
  - Masonry (1.1.0)
  - MercurySDK (3.1.5.5)
  - SDWebImage (5.9.4):
    - SDWebImage/Core (= 5.9.4)
  - SDWebImage/Core (5.9.4)

DEPENDENCIES:
  - Masonry
  - MercurySDK (from `../`)
  - SDWebImage

SPEC REPOS:
  trunk:
    - Masonry
    - SDWebImage

EXTERNAL SOURCES:
  MercurySDK:
    :path: "../"

SPEC CHECKSUMS:
  Masonry: 678fab65091a9290e40e2832a55e7ab731aad201
  MercurySDK: edf72a3f878e333b4b2cf10c74b365939b90b333
  SDWebImage: b69257f4ab14e9b6a2ef53e910fdf914d8f757c1

PODFILE CHECKSUM: 51a3cc9317d214544c169ae8f9fd0ed1e7476ac4

COCOAPODS: 1.10.0
